
Microsoft Visual Studio Solution File, Format Version 12.00
# Visual Studio Version 17
VisualStudioVersion = 17.5.33516.290
MinimumVisualStudioVersion = 10.0.40219.1
Project("{9A19103F-16F7-4668-BE54-9A1E7A4F7556}") = "LongNightTimeLimitMod_Windows", "LongNightTimeLimitMod_Windows.csproj", "{D831E29C-4F81-45F6-8458-0924316816DA}"
EndProject
Project("{2150E333-8FDC-42A3-9474-1A3956D46DE8}") = "Solution Items", "Solution Items", "{F8AA4455-D010-4D90-8869-16B37A5793F1}"
	ProjectSection(SolutionItems) = preProject
		.editorconfig = .editorconfig
	EndProjectSection
EndProject
Global
	GlobalSection(SolutionConfigurationPlatforms) = preSolution
		Debug|Any CPU = Debug|Any CPU
		Release|Any CPU = Release|Any CPU
	EndGlobalSection
	GlobalSection(ProjectConfigurationPlatforms) = postSolution
		{D831E29C-4F81-45F6-8458-0924316816DA}.Debug|Any CPU.ActiveCfg = Debug|Any CPU
		{D831E29C-4F81-45F6-8458-0924316816DA}.Debug|Any CPU.Build.0 = Debug|Any CPU
		{D831E29C-4F81-45F6-8458-0924316816DA}.Release|Any CPU.ActiveCfg = Release|Any CPU
		{D831E29C-4F81-45F6-8458-0924316816DA}.Release|Any CPU.Build.0 = Release|Any CPU
	EndGlobalSection
	GlobalSection(SolutionProperties) = preSolution
		HideSolutionNode = FALSE
	EndGlobalSection
	GlobalSection(ExtensibilityGlobals) = postSolution
		SolutionGuid = {D4F6A1E4-003F-4B02-A547-728D129896B8}
	EndGlobalSection
EndGlobal
